
Microsoft Visual Studio Solution File, Format Version 12.00
# Visual Studio Version 16
VisualStudioVersion = 16.0.32413.511
MinimumVisualStudioVersion = 10.0.40219.1
Project("{FAE04EC0-301F-11D3-BF4B-00C04F79EFBC}") = "CleanBackup", "1Cbackup\CleanBackup.csproj", "{03D4B5BD-583E-4D93-9276-A920BA83CFBA}"
EndProject
Global
	GlobalSection(SolutionConfigurationPlatforms) = preSolution
		Debug|Any CPU = Debug|Any CPU
		Release|Any CPU = Release|Any CPU
	EndGlobalSection
	GlobalSection(ProjectConfigurationPlatforms) = postSolution
		{03D4B5BD-583E-4D93-9276-A920BA83CFBA}.Debug|Any CPU.ActiveCfg = Debug|Any CPU
		{03D4B5BD-583E-4D93-9276-A920BA83CFBA}.Debug|Any CPU.Build.0 = Debug|Any CPU
		{03D4B5BD-583E-4D93-9276-A920BA83CFBA}.Release|Any CPU.ActiveCfg = Release|Any CPU
		{03D4B5BD-583E-4D93-9276-A920BA83CFBA}.Release|Any CPU.Build.0 = Release|Any CPU
	EndGlobalSection
	GlobalSection(SolutionProperties) = preSolution
		HideSolutionNode = FALSE
	EndGlobalSection
	GlobalSection(ExtensibilityGlobals) = postSolution
		SolutionGuid = {9C5928D5-A084-4CB4-95D6-E34626FF63E1}
	EndGlobalSection
EndGlobal
